{
    "lockfileVersion": 1,
    "dependencies": {
        "node-getopt": {
            "version": "0.2.3",
            "resolved": "https://registry.npmjs.org/node-getopt/-/node-getopt-0.2.3.tgz",
            "integrity": "sha1-aau8flQAYA0drPANuMt5tUh+kks="
        },
        "random-js": {
            "version": "1.0.8",
            "resolved": "https://registry.npmjs.org/random-js/-/random-js-1.0.8.tgz",
            "integrity": "sha1-lo/WiabyXWwKrHZig94vaIycGQo="
        }
    }
}
